
Microsoft Visual Studio Solution File, Format Version 12.00
# Visual Studio Version 16
VisualStudioVersion = 16.0.32126.315
MinimumVisualStudioVersion = 10.0.40219.1
Project("{9A19103F-16F7-4668-BE54-9A1E7A4F7556}") = "news site", "news site.csproj", "{EF3A67D2-DD25-4604-A9A3-D77E1805AFB6}"
EndProject
Global
	GlobalSection(SolutionConfigurationPlatforms) = preSolution
		Debug|Any CPU = Debug|Any CPU
		Release|Any CPU = Release|Any CPU
	EndGlobalSection
	GlobalSection(ProjectConfigurationPlatforms) = postSolution
		{EF3A67D2-DD25-4604-A9A3-D77E1805AFB6}.Debug|Any CPU.ActiveCfg = Debug|Any CPU
		{EF3A67D2-DD25-4604-A9A3-D77E1805AFB6}.Debug|Any CPU.Build.0 = Debug|Any CPU
		{EF3A67D2-DD25-4604-A9A3-D77E1805AFB6}.Release|Any CPU.ActiveCfg = Release|Any CPU
		{EF3A67D2-DD25-4604-A9A3-D77E1805AFB6}.Release|Any CPU.Build.0 = Release|Any CPU
	EndGlobalSection
	GlobalSection(SolutionProperties) = preSolution
		HideSolutionNode = FALSE
	EndGlobalSection
	GlobalSection(ExtensibilityGlobals) = postSolution
		SolutionGuid = {648297E9-C4FE-4EEC-9D12-5E0C4800E947}
	EndGlobalSection
EndGlobal
